
Microsoft Visual Studio Solution File, Format Version 12.00
# Visual Studio Version 17
VisualStudioVersion = 17.0.31903.59
MinimumVisualStudioVersion = 10.0.40219.1
Project("{9A19103F-16F7-4668-BE54-9A1E7A4F7556}") = "ProjectE.Web", "ProjectE.Web\ProjectE.Web.csproj", "{DD588E60-5B98-43E9-A75F-4BE3881A6DA4}"
EndProject
Project("{9A19103F-16F7-4668-BE54-9A1E7A4F7556}") = "ProjectE.Music", "ProjectE.Music\ProjectE.Music.csproj", "{1B2DAB54-8C80-48D9-8700-A6D8DCB32B96}"
EndProject
Project("{9A19103F-16F7-4668-BE54-9A1E7A4F7556}") = "ProjectE.Movies", "ProjectE.Movies\ProjectE.Movies.csproj", "{10C7AB6A-CC41-49ED-8013-F3563FB871CA}"
EndProject
Project("{2150E333-8FDC-42A3-9474-1A3956D46DE8}") = "Music Module", "Music Module", "{9B4745B1-FB40-4CDF-8724-94909A480C2C}"
EndProject
Project("{9A19103F-16F7-4668-BE54-9A1E7A4F7556}") = "ProjectE.Music.Tests", "ProjectE.Music.Tests\ProjectE.Music.Tests.csproj", "{E187FD7F-6C8C-4B96-BBA4-81A8FD4AF0FC}"
EndProject
Project("{2150E333-8FDC-42A3-9474-1A3956D46DE8}") = "Movies Module", "Movies Module", "{D7DCF5D1-FFB6-4DE6-B793-6C662E441A3C}"
EndProject
Project("{2150E333-8FDC-42A3-9474-1A3956D46DE8}") = "Users Module", "Users Module", "{7323B557-A4F2-44F7-9285-50FC0F1BEFF7}"
EndProject
Project("{9A19103F-16F7-4668-BE54-9A1E7A4F7556}") = "ProjectE.Users", "ProjectE.Users\ProjectE.Users.csproj", "{1FB3FE92-6C46-4697-99BC-A326AAC6B13E}"
EndProject
Project("{2150E333-8FDC-42A3-9474-1A3956D46DE8}") = "Games Module", "Games Module", "{C22B9EC3-7215-4DD1-8C78-41F14D958F7D}"
EndProject
Project("{9A19103F-16F7-4668-BE54-9A1E7A4F7556}") = "ProjectE.Games", "ProjectE.Games\ProjectE.Games.csproj", "{0250909D-EDA3-4D2C-B95B-C0C38A72DF42}"
EndProject
Project("{9A19103F-16F7-4668-BE54-9A1E7A4F7556}") = "ProjectE.Users.Contracts", "ProjectE.Users.Contracts\ProjectE.Users.Contracts.csproj", "{B3507543-B73D-4BC2-8421-37BA9650FAFB}"
EndProject
Global
	GlobalSection(SolutionConfigurationPlatforms) = preSolution
		Debug|Any CPU = Debug|Any CPU
		Release|Any CPU = Release|Any CPU
	EndGlobalSection
	GlobalSection(ProjectConfigurationPlatforms) = postSolution
		{DD588E60-5B98-43E9-A75F-4BE3881A6DA4}.Debug|Any CPU.ActiveCfg = Debug|Any CPU
		{DD588E60-5B98-43E9-A75F-4BE3881A6DA4}.Debug|Any CPU.Build.0 = Debug|Any CPU
		{DD588E60-5B98-43E9-A75F-4BE3881A6DA4}.Release|Any CPU.ActiveCfg = Release|Any CPU
		{DD588E60-5B98-43E9-A75F-4BE3881A6DA4}.Release|Any CPU.Build.0 = Release|Any CPU
		{1B2DAB54-8C80-48D9-8700-A6D8DCB32B96}.Debug|Any CPU.ActiveCfg = Debug|Any CPU
		{1B2DAB54-8C80-48D9-8700-A6D8DCB32B96}.Debug|Any CPU.Build.0 = Debug|Any CPU
		{1B2DAB54-8C80-48D9-8700-A6D8DCB32B96}.Release|Any CPU.ActiveCfg = Release|Any CPU
		{1B2DAB54-8C80-48D9-8700-A6D8DCB32B96}.Release|Any CPU.Build.0 = Release|Any CPU
		{10C7AB6A-CC41-49ED-8013-F3563FB871CA}.Debug|Any CPU.ActiveCfg = Debug|Any CPU
		{10C7AB6A-CC41-49ED-8013-F3563FB871CA}.Debug|Any CPU.Build.0 = Debug|Any CPU
		{10C7AB6A-CC41-49ED-8013-F3563FB871CA}.Release|Any CPU.ActiveCfg = Release|Any CPU
		{10C7AB6A-CC41-49ED-8013-F3563FB871CA}.Release|Any CPU.Build.0 = Release|Any CPU
		{E187FD7F-6C8C-4B96-BBA4-81A8FD4AF0FC}.Debug|Any CPU.ActiveCfg = Debug|Any CPU
		{E187FD7F-6C8C-4B96-BBA4-81A8FD4AF0FC}.Debug|Any CPU.Build.0 = Debug|Any CPU
		{E187FD7F-6C8C-4B96-BBA4-81A8FD4AF0FC}.Release|Any CPU.ActiveCfg = Release|Any CPU
		{E187FD7F-6C8C-4B96-BBA4-81A8FD4AF0FC}.Release|Any CPU.Build.0 = Release|Any CPU
		{1FB3FE92-6C46-4697-99BC-A326AAC6B13E}.Debug|Any CPU.ActiveCfg = Debug|Any CPU
		{1FB3FE92-6C46-4697-99BC-A326AAC6B13E}.Debug|Any CPU.Build.0 = Debug|Any CPU
		{1FB3FE92-6C46-4697-99BC-A326AAC6B13E}.Release|Any CPU.ActiveCfg = Release|Any CPU
		{1FB3FE92-6C46-4697-99BC-A326AAC6B13E}.Release|Any CPU.Build.0 = Release|Any CPU
		{0250909D-EDA3-4D2C-B95B-C0C38A72DF42}.Debug|Any CPU.ActiveCfg = Debug|Any CPU
		{0250909D-EDA3-4D2C-B95B-C0C38A72DF42}.Debug|Any CPU.Build.0 = Debug|Any CPU
		{0250909D-EDA3-4D2C-B95B-C0C38A72DF42}.Release|Any CPU.ActiveCfg = Release|Any CPU
		{0250909D-EDA3-4D2C-B95B-C0C38A72DF42}.Release|Any CPU.Build.0 = Release|Any CPU
		{B3507543-B73D-4BC2-8421-37BA9650FAFB}.Debug|Any CPU.ActiveCfg = Debug|Any CPU
		{B3507543-B73D-4BC2-8421-37BA9650FAFB}.Debug|Any CPU.Build.0 = Debug|Any CPU
		{B3507543-B73D-4BC2-8421-37BA9650FAFB}.Release|Any CPU.ActiveCfg = Release|Any CPU
		{B3507543-B73D-4BC2-8421-37BA9650FAFB}.Release|Any CPU.Build.0 = Release|Any CPU
	EndGlobalSection
	GlobalSection(SolutionProperties) = preSolution
		HideSolutionNode = FALSE
	EndGlobalSection
	GlobalSection(NestedProjects) = preSolution
		{1B2DAB54-8C80-48D9-8700-A6D8DCB32B96} = {9B4745B1-FB40-4CDF-8724-94909A480C2C}
		{10C7AB6A-CC41-49ED-8013-F3563FB871CA} = {D7DCF5D1-FFB6-4DE6-B793-6C662E441A3C}
		{E187FD7F-6C8C-4B96-BBA4-81A8FD4AF0FC} = {9B4745B1-FB40-4CDF-8724-94909A480C2C}
		{1FB3FE92-6C46-4697-99BC-A326AAC6B13E} = {7323B557-A4F2-44F7-9285-50FC0F1BEFF7}
		{0250909D-EDA3-4D2C-B95B-C0C38A72DF42} = {C22B9EC3-7215-4DD1-8C78-41F14D958F7D}
		{B3507543-B73D-4BC2-8421-37BA9650FAFB} = {7323B557-A4F2-44F7-9285-50FC0F1BEFF7}
	EndGlobalSection
	GlobalSection(ExtensibilityGlobals) = postSolution
		SolutionGuid = {817966D6-61B4-4422-9FDE-DB40523EAD27}
	EndGlobalSection
EndGlobal
